// !$*UTF8*$!
{
	archiveVersion = 1;
	classes = {
	};
	objectVersion = 46;
	objects = {

/* Begin PBXBuildFile section */
		6D9804B61BC8EC920081EF30 /* AppDelegate.swift in Sources */ = {isa = PBXBuildFile; fileRef = 6D9804B51BC8EC920081EF30 /* AppDelegate.swift */; };
		6D9804B81BC8EC920081EF30 /* ViewController.swift in Sources */ = {isa = PBXBuildFile; fileRef = 6D9804B71BC8EC920081EF30 /* ViewController.swift */; };
		6D9804BB1BC8EC920081EF30 /* Main.storyboard in Resources */ = {isa = PBXBuildFile; fileRef = 6D9804B91BC8EC920081EF30 /* Main.storyboard */; };
		6D9804BD1BC8EC920081EF30 /* Assets.xcassets in Resources */ = {isa = PBXBuildFile; fileRef = 6D9804BC1BC8EC920081EF30 /* Assets.xcassets */; };
		6D9804C01BC8EC920081EF30 /* LaunchScreen.storyboard in Resources */ = {isa = PBXBuildFile; fileRef = 6D9804BE1BC8EC920081EF30 /* LaunchScreen.storyboard */; };
		6D9804CB1BC8EC920081EF30 /* LayerGeometryTests.swift in Sources */ = {isa = PBXBuildFile; fileRef = 6D9804CA1BC8EC920081EF30 /* LayerGeometryTests.swift */; };
		6D9804D61BC8EC920081EF30 /* LayerGeometryUITests.swift in Sources */ = {isa = PBXBuildFile; fileRef = 6D9804D51BC8EC920081EF30 /* LayerGeometryUITests.swift */; };
/* End PBXBuildFile section */

/* Begin PBXContainerItemProxy section */
		6D9804C71BC8EC920081EF30 /* PBXContainerItemProxy */ = {
			isa = PBXContainerItemProxy;
			containerPortal = 6D9804AA1BC8EC920081EF30 /* Project object */;
			proxyType = 1;
			remoteGlobalIDString = 6D9804B11BC8EC920081EF30;
			remoteInfo = LayerGeometry;
		};
		6D9804D21BC8EC920081EF30 /* PBXContainerItemProxy */ = {
			isa = PBXContainerItemProxy;
			containerPortal = 6D9804AA1BC8EC920081EF30 /* Project object */;
			proxyType = 1;
			remoteGlobalIDString = 6D9804B11BC8EC920081EF30;
			remoteInfo = LayerGeometry;
		};
/* End PBXContainerItemProxy section */

/* Begin PBXFileReference section */
		6D9804B21BC8EC920081EF30 /* LayerGeometry.app */ = {isa = PBXFileReference; explicitFileType = wrapper.application; includeInIndex = 0; path = LayerGeometry.app; sourceTree = BUILT_PRODUCTS_DIR; };
		6D9804B51BC8EC920081EF30 /* AppDelegate.swift */ = {isa = PBXFileReference; lastKnownFileType = sourcecode.swift; path = AppDelegate.swift; sourceTree = "<group>"; };
		6D9804B71BC8EC920081EF30 /* ViewController.swift */ = {isa = PBXFileReference; lastKnownFileType = sourcecode.swift; path = ViewController.swift; sourceTree = "<group>"; };
		6D9804BA1BC8EC920081EF30 /* Base */ = {isa = PBXFileReference; lastKnownFileType = file.storyboard; name = Base; path = Base.lproj/Main.storyboard; sourceTree = "<group>"; };
		6D9804BC1BC8EC920081EF30 /* Assets.xcassets */ = {isa = PBXFileReference; lastKnownFileType = folder.assetcatalog; path = Assets.xcassets; sourceTree = "<group>"; };
		6D9804BF1BC8EC920081EF30 /* Base */ = {isa = PBXFileReference; lastKnownFileType = file.storyboard; name = Base; path = Base.lproj/LaunchScreen.storyboard; sourceTree = "<group>"; };
		6D9804C11BC8EC920081EF30 /* Info.plist */ = {isa = PBXFileReference; lastKnownFileType = text.plist.xml; path = Info.plist; sourceTree = "<group>"; };
		6D9804C61BC8EC920081EF30 /* LayerGeometryTests.xctest */ = {isa = PBXFileReference; explicitFileType = wrapper.cfbundle; includeInIndex = 0; path = LayerGeometryTests.xctest; sourceTree = BUILT_PRODUCTS_DIR; };
		6D9804CA1BC8EC920081EF30 /* LayerGeometryTests.swift */ = {isa = PBXFileReference; lastKnownFileType = sourcecode.swift; path = LayerGeometryTests.swift; sourceTree = "<group>"; };
		6D9804CC1BC8EC920081EF30 /* Info.plist */ = {isa = PBXFileReference; lastKnownFileType = text.plist.xml; path = Info.plist; sourceTree = "<group>"; };
		6D9804D11BC8EC920081EF30 /* LayerGeometryUITests.xctest */ = {isa = PBXFileReference; explicitFileType = wrapper.cfbundle; includeInIndex = 0; path = LayerGeometryUITests.xctest; sourceTree = BUILT_PRODUCTS_DIR; };
		6D9804D51BC8EC920081EF30 /* LayerGeometryUITests.swift */ = {isa = PBXFileReference; lastKnownFileType = sourcecode.swift; path = LayerGeometryUITests.swift; sourceTree = "<group>"; };
		6D9804D71BC8EC920081EF30 /* Info.plist */ = {isa = PBXFileReference; lastKnownFileType = text.plist.xml; path = Info.plist; sourceTree = "<group>"; };
/* End PBXFileReference section */

/* Begin PBXFrameworksBuildPhase section */
		6D9804AF1BC8EC920081EF30 /* Frameworks */ = {
			isa = PBXFrameworksBuildPhase;
			buildActionMask = 2147483647;
			files = (
			);
			runOnlyForDeploymentPostprocessing = 0;
		};
		6D9804C31BC8EC920081EF30 /* Frameworks */ = {
			isa = PBXFrameworksBuildPhase;
			buildActionMask = 2147483647;
			files = (
			);
			runOnlyForDeploymentPostprocessing = 0;
		};
		6D9804CE1BC8EC920081EF30 /* Frameworks */ = {
			isa = PBXFrameworksBuildPhase;
			buildActionMask = 2147483647;
			files = (
			);
			runOnlyForDeploymentPostprocessing = 0;
		};
/* End PBXFrameworksBuildPhase section */

/* Begin PBXGroup section */
		6D9804A91BC8EC920081EF30 = {
			isa = PBXGroup;
			children = (
				6D9804B41BC8EC920081EF30 /* LayerGeometry */,
				6D9804C91BC8EC920081EF30 /* LayerGeometryTests */,
				6D9804D41BC8EC920081EF30 /* LayerGeometryUITests */,
				6D9804B31BC8EC920081EF30 /* Products */,
			);
			sourceTree = "<group>";
		};
		6D9804B31BC8EC920081EF30 /* Products */ = {
			isa = PBXGroup;
			children = (
				6D9804B21BC8EC920081EF30 /* LayerGeometry.app */,
				6D9804C61BC8EC920081EF30 /* LayerGeometryTests.xctest */,
				6D9804D11BC8EC920081EF30 /* LayerGeometryUITests.xctest */,
			);
			name = Products;
			sourceTree = "<group>";
		};
		6D9804B41BC8EC920081EF30 /* LayerGeometry */ = {
			isa = PBXGroup;
			children = (
				6D9804B51BC8EC920081EF30 /* AppDelegate.swift */,
				6D9804B71BC8EC920081EF30 /* ViewController.swift */,
				6D9804B91BC8EC920081EF30 /* Main.storyboard */,
				6D9804BC1BC8EC920081EF30 /* Assets.xcassets */,
				6D9804BE1BC8EC920081EF30 /* LaunchScreen.storyboard */,
				6D9804C11BC8EC920081EF30 /* Info.plist */,
			);
			path = LayerGeometry;
			sourceTree = "<group>";
		};
		6D9804C91BC8EC920081EF30 /* LayerGeometryTests */ = {
			isa = PBXGroup;
			children = (
				6D9804CA1BC8EC920081EF30 /* LayerGeometryTests.swift */,
				6D9804CC1BC8EC920081EF30 /* Info.plist */,
			);
			path = LayerGeometryTests;
			sourceTree = "<group>";
		};
		6D9804D41BC8EC920081EF30 /* LayerGeometryUITests */ = {
			isa = PBXGroup;
			children = (
				6D9804D51BC8EC920081EF30 /* LayerGeometryUITests.swift */,
				6D9804D71BC8EC920081EF30 /* Info.plist */,
			);
			path = LayerGeometryUITests;
			sourceTree = "<group>";
		};
/* End PBXGroup section */

/* Begin PBXNativeTarget section */
		6D9804B11BC8EC920081EF30 /* LayerGeometry */ = {
			isa = PBXNativeTarget;
			buildConfigurationList = 6D9804DA1BC8EC920081EF30 /* Build configuration list for PBXNativeTarget "LayerGeometry" */;
			buildPhases = (
				6D9804AE1BC8EC920081EF30 /* Sources */,
				6D9804AF1BC8EC920081EF30 /* Frameworks */,
				6D9804B01BC8EC920081EF30 /* Resources */,
			);
			buildRules = (
			);
			dependencies = (
			);
			name = LayerGeometry;
			productName = LayerGeometry;
			productReference = 6D9804B21BC8EC920081EF30 /* LayerGeometry.app */;
			productType = "com.apple.product-type.application";
		};
		6D9804C51BC8EC920081EF30 /* LayerGeometryTests */ = {
			isa = PBXNativeTarget;
			buildConfigurationList = 6D9804DD1BC8EC920081EF30 /* Build configuration list for PBXNativeTarget "LayerGeometryTests" */;
			buildPhases = (
				6D9804C21BC8EC920081EF30 /* Sources */,
				6D9804C31BC8EC920081EF30 /* Frameworks */,
				6D9804C41BC8EC920081EF30 /* Resources */,
			);
			buildRules = (
			);
			dependencies = (
				6D9804C81BC8EC920081EF30 /* PBXTargetDependency */,
			);
			name = LayerGeometryTests;
			productName = LayerGeometryTests;
			productReference = 6D9804C61BC8EC920081EF30 /* LayerGeometryTests.xctest */;
			productType = "com.apple.product-type.bundle.unit-test";
		};
		6D9804D01BC8EC920081EF30 /* LayerGeometryUITests */ = {
			isa = PBXNativeTarget;
			buildConfigurationList = 6D9804E01BC8EC920081EF30 /* Build configuration list for PBXNativeTarget "LayerGeometryUITests" */;
			buildPhases = (
				6D9804CD1BC8EC920081EF30 /* Sources */,
				6D9804CE1BC8EC920081EF30 /* Frameworks */,
				6D9804CF1BC8EC920081EF30 /* Resources */,
			);
			buildRules = (
			);
			dependencies = (
				6D9804D31BC8EC920081EF30 /* PBXTargetDependency */,
			);
			name = LayerGeometryUITests;
			productName = LayerGeometryUITests;
			productReference = 6D9804D11BC8EC920081EF30 /* LayerGeometryUITests.xctest */;
			productType = "com.apple.product-type.bundle.ui-testing";
		};
/* End PBXNativeTarget section */

/* Begin PBXProject section */
		6D9804AA1BC8EC920081EF30 /* Project object */ = {
			isa = PBXProject;
			attributes = {
				LastUpgradeCheck = 0700;
				ORGANIZATIONNAME = liuyongjia;
				TargetAttributes = {
					6D9804B11BC8EC920081EF30 = {
						CreatedOnToolsVersion = 7.0.1;
					};
					6D9804C51BC8EC920081EF30 = {
						CreatedOnToolsVersion = 7.0.1;
						TestTargetID = 6D9804B11BC8EC920081EF30;
					};
					6D9804D01BC8EC920081EF30 = {
						CreatedOnToolsVersion = 7.0.1;
						TestTargetID = 6D9804B11BC8EC920081EF30;
					};
				};
			};
			buildConfigurationList = 6D9804AD1BC8EC920081EF30 /* Build configuration list for PBXProject "LayerGeometry" */;
			compatibilityVersion = "Xcode 3.2";
			developmentRegion = English;
			hasScannedForEncodings = 0;
			knownRegions = (
				en,
				Base,
			);
			mainGroup = 6D9804A91BC8EC920081EF30;
			productRefGroup = 6D9804B31BC8EC920081EF30 /* Products */;
			projectDirPath = "";
			projectRoot = "";
			targets = (
				6D9804B11BC8EC920081EF30 /* LayerGeometry */,
				6D9804C51BC8EC920081EF30 /* LayerGeometryTests */,
				6D9804D01BC8EC920081EF30 /* LayerGeometryUITests */,
			);
		};
/* End PBXProject section */

/* Begin PBXResourcesBuildPhase section */
		6D9804B01BC8EC920081EF30 /* Resources */ = {
			isa = PBXResourcesBuildPhase;
			buildActionMask = 2147483647;
			files = (
				6D9804C01BC8EC920081EF30 /* LaunchScreen.storyboard in Resources */,
				6D9804BD1BC8EC920081EF30 /* Assets.xcassets in Resources */,
				6D9804BB1BC8EC920081EF30 /* Main.storyboard in Resources */,
			);
			runOnlyForDeploymentPostprocessing = 0;
		};
		6D9804C41BC8EC920081EF30 /* Resources */ = {
			isa = PBXResourcesBuildPhase;
			buildActionMask = 2147483647;
			files = (
			);
			runOnlyForDeploymentPostprocessing = 0;
		};
		6D9804CF1BC8EC920081EF30 /* Resources */ = {
			isa = PBXResourcesBuildPhase;
			buildActionMask = 2147483647;
			files = (
			);
			runOnlyForDeploymentPostprocessing = 0;
		};
/* End PBXResourcesBuildPhase section */

/* Begin PBXSourcesBuildPhase section */
		6D9804AE1BC8EC920081EF30 /* Sources */ = {
			isa = PBXSourcesBuildPhase;
			buildActionMask = 2147483647;
			files = (
				6D9804B81BC8EC920081EF30 /* ViewController.swift in Sources */,
				6D9804B61BC8EC920081EF30 /* AppDelegate.swift in Sources */,
			);
			runOnlyForDeploymentPostprocessing = 0;
		};
		6D9804C21BC8EC920081EF30 /* Sources */ = {
			isa = PBXSourcesBuildPhase;
			buildActionMask = 2147483647;
			files = (
				6D9804CB1BC8EC920081EF30 /* LayerGeometryTests.swift in Sources */,
			);
			runOnlyForDeploymentPostprocessing = 0;
		};
		6D9804CD1BC8EC920081EF30 /* Sources */ = {
			isa = PBXSourcesBuildPhase;
			buildActionMask = 2147483647;
			files = (
				6D9804D61BC8EC920081EF30 /* LayerGeometryUITests.swift in Sources */,
			);
			runOnlyForDeploymentPostprocessing = 0;
		};
/* End PBXSourcesBuildPhase section */

/* Begin PBXTargetDependency section */
		6D9804C81BC8EC920081EF30 /* PBXTargetDependency */ = {
			isa = PBXTargetDependency;
			target = 6D9804B11BC8EC920081EF30 /* LayerGeometry */;
			targetProxy = 6D9804C71BC8EC920081EF30 /* PBXContainerItemProxy */;
		};
		6D9804D31BC8EC920081EF30 /* PBXTargetDependency */ = {
			isa = PBXTargetDependency;
			target = 6D9804B11BC8EC920081EF30 /* LayerGeometry */;
			targetProxy = 6D9804D21BC8EC920081EF30 /* PBXContainerItemProxy */;
		};
/* End PBXTargetDependency section */

/* Begin PBXVariantGroup section */
		6D9804B91BC8EC920081EF30 /* Main.storyboard */ = {
			isa = PBXVariantGroup;
			children = (
				6D9804BA1BC8EC920081EF30 /* Base */,
			);
			name = Main.storyboard;
			sourceTree = "<group>";
		};
		6D9804BE1BC8EC920081EF30 /* LaunchScreen.storyboard */ = {
			isa = PBXVariantGroup;
			children = (
				6D9804BF1BC8EC920081EF30 /* Base */,
			);
			name = LaunchScreen.storyboard;
			sourceTree = "<group>";
		};
/* End PBXVariantGroup section */

/* Begin XCBuildConfiguration section */
		6D9804D81BC8EC920081EF30 /* Debug */ = {
			isa = XCBuildConfiguration;
			buildSettings = {
				ALWAYS_SEARCH_USER_PATHS = NO;
				CLANG_CXX_LANGUAGE_STANDARD = "gnu++0x";
				CLANG_CXX_LIBRARY = "libc++";
				CLANG_ENABLE_MODULES = YES;
				CLANG_ENABLE_OBJC_ARC = YES;
				CLANG_WARN_BOOL_CONVERSION = YES;
				CLANG_WARN_CONSTANT_CONVERSION = YES;
				CLANG_WARN_DIRECT_OBJC_ISA_USAGE = YES_ERROR;
				CLANG_WARN_EMPTY_BODY = YES;
				CLANG_WARN_ENUM_CONVERSION = YES;
				CLANG_WARN_INT_CONVERSION = YES;
				CLANG_WARN_OBJC_ROOT_CLASS = YES_ERROR;
				CLANG_WARN_UNREACHABLE_CODE = YES;
				CLANG_WARN__DUPLICATE_METHOD_MATCH = YES;
				"CODE_SIGN_IDENTITY[sdk=iphoneos*]" = "iPhone Developer";
				COPY_PHASE_STRIP = NO;
				DEBUG_INFORMATION_FORMAT = dwarf;
				ENABLE_STRICT_OBJC_MSGSEND = YES;
				ENABLE_TESTABILITY = YES;
				GCC_C_LANGUAGE_STANDARD = gnu99;
				GCC_DYNAMIC_NO_PIC = NO;
				GCC_NO_COMMON_BLOCKS = YES;
				GCC_OPTIMIZATION_LEVEL = 0;
				GCC_PREPROCESSOR_DEFINITIONS = (
					"DEBUG=1",
					"$(inherited)",
				);
				GCC_WARN_64_TO_32_BIT_CONVERSION = YES;
				GCC_WARN_ABOUT_RETURN_TYPE = YES_ERROR;
				GCC_WARN_UNDECLARED_SELECTOR = YES;
				GCC_WARN_UNINITIALIZED_AUTOS = YES_AGGRESSIVE;
				GCC_WARN_UNUSED_FUNCTION = YES;
				GCC_WARN_UNUSED_VARIABLE = YES;
				IPHONEOS_DEPLOYMENT_TARGET = 9.0;
				MTL_ENABLE_DEBUG_INFO = YES;
				ONLY_ACTIVE_ARCH = YES;
				SDKROOT = iphoneos;
				SWIFT_OPTIMIZATION_LEVEL = "-Onone";
			};
			name = Debug;
		};
		6D9804D91BC8EC920081EF30 /* Release */ = {
			isa = XCBuildConfiguration;
			buildSettings = {
				ALWAYS_SEARCH_USER_PATHS = NO;
				CLANG_CXX_LANGUAGE_STANDARD = "gnu++0x";
				CLANG_CXX_LIBRARY = "libc++";
				CLANG_ENABLE_MODULES = YES;
				CLANG_ENABLE_OBJC_ARC = YES;
				CLANG_WARN_BOOL_CONVERSION = YES;
				CLANG_WARN_CONSTANT_CONVERSION = YES;
				CLANG_WARN_DIRECT_OBJC_ISA_USAGE = YES_ERROR;
				CLANG_WARN_EMPTY_BODY = YES;
				CLANG_WARN_ENUM_CONVERSION = YES;
				CLANG_WARN_INT_CONVERSION = YES;
				CLANG_WARN_OBJC_ROOT_CLASS = YES_ERROR;
				CLANG_WARN_UNREACHABLE_CODE = YES;
				CLANG_WARN__DUPLICATE_METHOD_MATCH = YES;
				"CODE_SIGN_IDENTITY[sdk=iphoneos*]" = "iPhone Developer";
				COPY_PHASE_STRIP = NO;
				DEBUG_INFORMATION_FORMAT = "dwarf-with-dsym";
				ENABLE_NS_ASSERTIONS = NO;
				ENABLE_STRICT_OBJC_MSGSEND = YES;
				GCC_C_LANGUAGE_STANDARD = gnu99;
				GCC_NO_COMMON_BLOCKS = YES;
				GCC_WARN_64_TO_32_BIT_CONVERSION = YES;
				GCC_WARN_ABOUT_RETURN_TYPE = YES_ERROR;
				GCC_WARN_UNDECLARED_SELECTOR = YES;
				GCC_WARN_UNINITIALIZED_AUTOS = YES_AGGRESSIVE;
				GCC_WARN_UNUSED_FUNCTION = YES;
				GCC_WARN_UNUSED_VARIABLE = YES;
				IPHONEOS_DEPLOYMENT_TARGET = 9.0;
				MTL_ENABLE_DEBUG_INFO = NO;
				SDKROOT = iphoneos;
				VALIDATE_PRODUCT = YES;
			};
			name = Release;
		};
		6D9804DB1BC8EC920081EF30 /* Debug */ = {
			isa = XCBuildConfiguration;
			buildSettings = {
				ASSETCATALOG_COMPILER_APPICON_NAME = AppIcon;
				INFOPLIST_FILE = LayerGeometry/Info.plist;
				LD_RUNPATH_SEARCH_PATHS = "$(inherited) @executable_path/Frameworks";
				PRODUCT_BUNDLE_IDENTIFIER = com.ricebook.LayerGeometry;
				PRODUCT_NAME = "$(TARGET_NAME)";
			};
			name = Debug;
		};
		6D9804DC1BC8EC920081EF30 /* Release */ = {
			isa = XCBuildConfiguration;
			buildSettings = {
				ASSETCATALOG_COMPILER_APPICON_NAME = AppIcon;
				INFOPLIST_FILE = LayerGeometry/Info.plist;
				LD_RUNPATH_SEARCH_PATHS = "$(inherited) @executable_path/Frameworks";
				PRODUCT_BUNDLE_IDENTIFIER = com.ricebook.LayerGeometry;
				PRODUCT_NAME = "$(TARGET_NAME)";
			};
			name = Release;
		};
		6D9804DE1BC8EC920081EF30 /* Debug */ = {
			isa = XCBuildConfiguration;
			buildSettings = {
				BUNDLE_LOADER = "$(TEST_HOST)";
				INFOPLIST_FILE = LayerGeometryTests/Info.plist;
				LD_RUNPATH_SEARCH_PATHS = "$(inherited) @executable_path/Frameworks @loader_path/Frameworks";
				PRODUCT_BUNDLE_IDENTIFIER = com.ricebook.LayerGeometryTests;
				PRODUCT_NAME = "$(TARGET_NAME)";
				TEST_HOST = "$(BUILT_PRODUCTS_DIR)/LayerGeometry.app/LayerGeometry";
			};
			name = Debug;
		};
		6D9804DF1BC8EC920081EF30 /* Release */ = {
			isa = XCBuildConfiguration;
			buildSettings = {
				BUNDLE_LOADER = "$(TEST_HOST)";
				INFOPLIST_FILE = LayerGeometryTests/Info.plist;
				LD_RUNPATH_SEARCH_PATHS = "$(inherited) @executable_path/Frameworks @loader_path/Frameworks";
				PRODUCT_BUNDLE_IDENTIFIER = com.ricebook.LayerGeometryTests;
				PRODUCT_NAME = "$(TARGET_NAME)";
				TEST_HOST = "$(BUILT_PRODUCTS_DIR)/LayerGeometry.app/LayerGeometry";
			};
			name = Release;
		};
		6D9804E11BC8EC920081EF30 /* Debug */ = {
			isa = XCBuildConfiguration;
			buildSettings = {
				INFOPLIST_FILE = LayerGeometryUITests/Info.plist;
				LD_RUNPATH_SEARCH_PATHS = "$(inherited) @executable_path/Frameworks @loader_path/Frameworks";
				PRODUCT_BUNDLE_IDENTIFIER = com.ricebook.LayerGeometryUITests;
				PRODUCT_NAME = "$(TARGET_NAME)";
				TEST_TARGET_NAME = LayerGeometry;
				USES_XCTRUNNER = YES;
			};
			name = Debug;
		};
		6D9804E21BC8EC920081EF30 /* Release */ = {
			isa = XCBuildConfiguration;
			buildSettings = {
				INFOPLIST_FILE = LayerGeometryUITests/Info.plist;
				LD_RUNPATH_SEARCH_PATHS = "$(inherited) @executable_path/Frameworks @loader_path/Frameworks";
				PRODUCT_BUNDLE_IDENTIFIER = com.ricebook.LayerGeometryUITests;
				PRODUCT_NAME = "$(TARGET_NAME)";
				TEST_TARGET_NAME = LayerGeometry;
				USES_XCTRUNNER = YES;
			};
			name = Release;
		};
/* End XCBuildConfiguration section */

/* Begin XCConfigurationList section */
		6D9804AD1BC8EC920081EF30 /* Build configuration list for PBXProject "LayerGeometry" */ = {
			isa = XCConfigurationList;
			buildConfigurations = (
				6D9804D81BC8EC920081EF30 /* Debug */,
				6D9804D91BC8EC920081EF30 /* Release */,
			);
			defaultConfigurationIsVisible = 0;
			defaultConfigurationName = Release;
		};
		6D9804DA1BC8EC920081EF30 /* Build configuration list for PBXNativeTarget "LayerGeometry" */ = {
			isa = XCConfigurationList;
			buildConfigurations = (
				6D9804DB1BC8EC920081EF30 /* Debug */,
				6D9804DC1BC8EC920081EF30 /* Release */,
			);
			defaultConfigurationIsVisible = 0;
		};
		6D9804DD1BC8EC920081EF30 /* Build configuration list for PBXNativeTarget "LayerGeometryTests" */ = {
			isa = XCConfigurationList;
			buildConfigurations = (
				6D9804DE1BC8EC920081EF30 /* Debug */,
				6D9804DF1BC8EC920081EF30 /* Release */,
			);
			defaultConfigurationIsVisible = 0;
		};
		6D9804E01BC8EC920081EF30 /* Build configuration list for PBXNativeTarget "LayerGeometryUITests" */ = {
			isa = XCConfigurationList;
			buildConfigurations = (
				6D9804E11BC8EC920081EF30 /* Debug */,
				6D9804E21BC8EC920081EF30 /* Release */,
			);
			defaultConfigurationIsVisible = 0;
		};
/* End XCConfigurationList section */
	};
	rootObject = 6D9804AA1BC8EC920081EF30 /* Project object */;
}
