// !$*UTF8*$!
{
	archiveVersion = 1;
	classes = {
	};
	objectVersion = 46;
	objects = {

/* Begin PBXBuildFile section */
		6D9804421BC8C23E0081EF30 /* AppDelegate.swift in Sources */ = {isa = PBXBuildFile; fileRef = 6D9804411BC8C23E0081EF30 /* AppDelegate.swift */; };
		6D9804441BC8C23E0081EF30 /* ViewController.swift in Sources */ = {isa = PBXBuildFile; fileRef = 6D9804431BC8C23E0081EF30 /* ViewController.swift */; };
		6D9804471BC8C23E0081EF30 /* Main.storyboard in Resources */ = {isa = PBXBuildFile; fileRef = 6D9804451BC8C23E0081EF30 /* Main.storyboard */; };
		6D9804491BC8C23E0081EF30 /* Assets.xcassets in Resources */ = {isa = PBXBuildFile; fileRef = 6D9804481BC8C23E0081EF30 /* Assets.xcassets */; };
		6D98044C1BC8C23E0081EF30 /* LaunchScreen.storyboard in Resources */ = {isa = PBXBuildFile; fileRef = 6D98044A1BC8C23E0081EF30 /* LaunchScreen.storyboard */; };
		6D9804571BC8C23E0081EF30 /* LayerTreeTests.swift in Sources */ = {isa = PBXBuildFile; fileRef = 6D9804561BC8C23E0081EF30 /* LayerTreeTests.swift */; };
		6D9804621BC8C23E0081EF30 /* LayerTreeUITests.swift in Sources */ = {isa = PBXBuildFile; fileRef = 6D9804611BC8C23E0081EF30 /* LayerTreeUITests.swift */; };
/* End PBXBuildFile section */

/* Begin PBXContainerItemProxy section */
		6D9804531BC8C23E0081EF30 /* PBXContainerItemProxy */ = {
			isa = PBXContainerItemProxy;
			containerPortal = 6D9804361BC8C23E0081EF30 /* Project object */;
			proxyType = 1;
			remoteGlobalIDString = 6D98043D1BC8C23E0081EF30;
			remoteInfo = LayerTree;
		};
		6D98045E1BC8C23E0081EF30 /* PBXContainerItemProxy */ = {
			isa = PBXContainerItemProxy;
			containerPortal = 6D9804361BC8C23E0081EF30 /* Project object */;
			proxyType = 1;
			remoteGlobalIDString = 6D98043D1BC8C23E0081EF30;
			remoteInfo = LayerTree;
		};
/* End PBXContainerItemProxy section */

/* Begin PBXFileReference section */
		6D98043E1BC8C23E0081EF30 /* LayerTree.app */ = {isa = PBXFileReference; explicitFileType = wrapper.application; includeInIndex = 0; path = LayerTree.app; sourceTree = BUILT_PRODUCTS_DIR; };
		6D9804411BC8C23E0081EF30 /* AppDelegate.swift */ = {isa = PBXFileReference; lastKnownFileType = sourcecode.swift; path = AppDelegate.swift; sourceTree = "<group>"; };
		6D9804431BC8C23E0081EF30 /* ViewController.swift */ = {isa = PBXFileReference; lastKnownFileType = sourcecode.swift; path = ViewController.swift; sourceTree = "<group>"; };
		6D9804461BC8C23E0081EF30 /* Base */ = {isa = PBXFileReference; lastKnownFileType = file.storyboard; name = Base; path = Base.lproj/Main.storyboard; sourceTree = "<group>"; };
		6D9804481BC8C23E0081EF30 /* Assets.xcassets */ = {isa = PBXFileReference; lastKnownFileType = folder.assetcatalog; path = Assets.xcassets; sourceTree = "<group>"; };
		6D98044B1BC8C23E0081EF30 /* Base */ = {isa = PBXFileReference; lastKnownFileType = file.storyboard; name = Base; path = Base.lproj/LaunchScreen.storyboard; sourceTree = "<group>"; };
		6D98044D1BC8C23E0081EF30 /* Info.plist */ = {isa = PBXFileReference; lastKnownFileType = text.plist.xml; path = Info.plist; sourceTree = "<group>"; };
		6D9804521BC8C23E0081EF30 /* LayerTreeTests.xctest */ = {isa = PBXFileReference; explicitFileType = wrapper.cfbundle; includeInIndex = 0; path = LayerTreeTests.xctest; sourceTree = BUILT_PRODUCTS_DIR; };
		6D9804561BC8C23E0081EF30 /* LayerTreeTests.swift */ = {isa = PBXFileReference; lastKnownFileType = sourcecode.swift; path = LayerTreeTests.swift; sourceTree = "<group>"; };
		6D9804581BC8C23E0081EF30 /* Info.plist */ = {isa = PBXFileReference; lastKnownFileType = text.plist.xml; path = Info.plist; sourceTree = "<group>"; };
		6D98045D1BC8C23E0081EF30 /* LayerTreeUITests.xctest */ = {isa = PBXFileReference; explicitFileType = wrapper.cfbundle; includeInIndex = 0; path = LayerTreeUITests.xctest; sourceTree = BUILT_PRODUCTS_DIR; };
		6D9804611BC8C23E0081EF30 /* LayerTreeUITests.swift */ = {isa = PBXFileReference; lastKnownFileType = sourcecode.swift; path = LayerTreeUITests.swift; sourceTree = "<group>"; };
		6D9804631BC8C23E0081EF30 /* Info.plist */ = {isa = PBXFileReference; lastKnownFileType = text.plist.xml; path = Info.plist; sourceTree = "<group>"; };
/* End PBXFileReference section */

/* Begin PBXFrameworksBuildPhase section */
		6D98043B1BC8C23E0081EF30 /* Frameworks */ = {
			isa = PBXFrameworksBuildPhase;
			buildActionMask = 2147483647;
			files = (
			);
			runOnlyForDeploymentPostprocessing = 0;
		};
		6D98044F1BC8C23E0081EF30 /* Frameworks */ = {
			isa = PBXFrameworksBuildPhase;
			buildActionMask = 2147483647;
			files = (
			);
			runOnlyForDeploymentPostprocessing = 0;
		};
		6D98045A1BC8C23E0081EF30 /* Frameworks */ = {
			isa = PBXFrameworksBuildPhase;
			buildActionMask = 2147483647;
			files = (
			);
			runOnlyForDeploymentPostprocessing = 0;
		};
/* End PBXFrameworksBuildPhase section */

/* Begin PBXGroup section */
		6D9804351BC8C23E0081EF30 = {
			isa = PBXGroup;
			children = (
				6D9804401BC8C23E0081EF30 /* LayerTree */,
				6D9804551BC8C23E0081EF30 /* LayerTreeTests */,
				6D9804601BC8C23E0081EF30 /* LayerTreeUITests */,
				6D98043F1BC8C23E0081EF30 /* Products */,
			);
			sourceTree = "<group>";
		};
		6D98043F1BC8C23E0081EF30 /* Products */ = {
			isa = PBXGroup;
			children = (
				6D98043E1BC8C23E0081EF30 /* LayerTree.app */,
				6D9804521BC8C23E0081EF30 /* LayerTreeTests.xctest */,
				6D98045D1BC8C23E0081EF30 /* LayerTreeUITests.xctest */,
			);
			name = Products;
			sourceTree = "<group>";
		};
		6D9804401BC8C23E0081EF30 /* LayerTree */ = {
			isa = PBXGroup;
			children = (
				6D9804411BC8C23E0081EF30 /* AppDelegate.swift */,
				6D9804431BC8C23E0081EF30 /* ViewController.swift */,
				6D9804451BC8C23E0081EF30 /* Main.storyboard */,
				6D9804481BC8C23E0081EF30 /* Assets.xcassets */,
				6D98044A1BC8C23E0081EF30 /* LaunchScreen.storyboard */,
				6D98044D1BC8C23E0081EF30 /* Info.plist */,
			);
			path = LayerTree;
			sourceTree = "<group>";
		};
		6D9804551BC8C23E0081EF30 /* LayerTreeTests */ = {
			isa = PBXGroup;
			children = (
				6D9804561BC8C23E0081EF30 /* LayerTreeTests.swift */,
				6D9804581BC8C23E0081EF30 /* Info.plist */,
			);
			path = LayerTreeTests;
			sourceTree = "<group>";
		};
		6D9804601BC8C23E0081EF30 /* LayerTreeUITests */ = {
			isa = PBXGroup;
			children = (
				6D9804611BC8C23E0081EF30 /* LayerTreeUITests.swift */,
				6D9804631BC8C23E0081EF30 /* Info.plist */,
			);
			path = LayerTreeUITests;
			sourceTree = "<group>";
		};
/* End PBXGroup section */

/* Begin PBXNativeTarget section */
		6D98043D1BC8C23E0081EF30 /* LayerTree */ = {
			isa = PBXNativeTarget;
			buildConfigurationList = 6D9804661BC8C23E0081EF30 /* Build configuration list for PBXNativeTarget "LayerTree" */;
			buildPhases = (
				6D98043A1BC8C23E0081EF30 /* Sources */,
				6D98043B1BC8C23E0081EF30 /* Frameworks */,
				6D98043C1BC8C23E0081EF30 /* Resources */,
			);
			buildRules = (
			);
			dependencies = (
			);
			name = LayerTree;
			productName = LayerTree;
			productReference = 6D98043E1BC8C23E0081EF30 /* LayerTree.app */;
			productType = "com.apple.product-type.application";
		};
		6D9804511BC8C23E0081EF30 /* LayerTreeTests */ = {
			isa = PBXNativeTarget;
			buildConfigurationList = 6D9804691BC8C23E0081EF30 /* Build configuration list for PBXNativeTarget "LayerTreeTests" */;
			buildPhases = (
				6D98044E1BC8C23E0081EF30 /* Sources */,
				6D98044F1BC8C23E0081EF30 /* Frameworks */,
				6D9804501BC8C23E0081EF30 /* Resources */,
			);
			buildRules = (
			);
			dependencies = (
				6D9804541BC8C23E0081EF30 /* PBXTargetDependency */,
			);
			name = LayerTreeTests;
			productName = LayerTreeTests;
			productReference = 6D9804521BC8C23E0081EF30 /* LayerTreeTests.xctest */;
			productType = "com.apple.product-type.bundle.unit-test";
		};
		6D98045C1BC8C23E0081EF30 /* LayerTreeUITests */ = {
			isa = PBXNativeTarget;
			buildConfigurationList = 6D98046C1BC8C23E0081EF30 /* Build configuration list for PBXNativeTarget "LayerTreeUITests" */;
			buildPhases = (
				6D9804591BC8C23E0081EF30 /* Sources */,
				6D98045A1BC8C23E0081EF30 /* Frameworks */,
				6D98045B1BC8C23E0081EF30 /* Resources */,
			);
			buildRules = (
			);
			dependencies = (
				6D98045F1BC8C23E0081EF30 /* PBXTargetDependency */,
			);
			name = LayerTreeUITests;
			productName = LayerTreeUITests;
			productReference = 6D98045D1BC8C23E0081EF30 /* LayerTreeUITests.xctest */;
			productType = "com.apple.product-type.bundle.ui-testing";
		};
/* End PBXNativeTarget section */

/* Begin PBXProject section */
		6D9804361BC8C23E0081EF30 /* Project object */ = {
			isa = PBXProject;
			attributes = {
				LastUpgradeCheck = 0700;
				ORGANIZATIONNAME = liuyongjia;
				TargetAttributes = {
					6D98043D1BC8C23E0081EF30 = {
						CreatedOnToolsVersion = 7.0.1;
					};
					6D9804511BC8C23E0081EF30 = {
						CreatedOnToolsVersion = 7.0.1;
						TestTargetID = 6D98043D1BC8C23E0081EF30;
					};
					6D98045C1BC8C23E0081EF30 = {
						CreatedOnToolsVersion = 7.0.1;
						TestTargetID = 6D98043D1BC8C23E0081EF30;
					};
				};
			};
			buildConfigurationList = 6D9804391BC8C23E0081EF30 /* Build configuration list for PBXProject "LayerTree" */;
			compatibilityVersion = "Xcode 3.2";
			developmentRegion = English;
			hasScannedForEncodings = 0;
			knownRegions = (
				en,
				Base,
			);
			mainGroup = 6D9804351BC8C23E0081EF30;
			productRefGroup = 6D98043F1BC8C23E0081EF30 /* Products */;
			projectDirPath = "";
			projectRoot = "";
			targets = (
				6D98043D1BC8C23E0081EF30 /* LayerTree */,
				6D9804511BC8C23E0081EF30 /* LayerTreeTests */,
				6D98045C1BC8C23E0081EF30 /* LayerTreeUITests */,
			);
		};
/* End PBXProject section */

/* Begin PBXResourcesBuildPhase section */
		6D98043C1BC8C23E0081EF30 /* Resources */ = {
			isa = PBXResourcesBuildPhase;
			buildActionMask = 2147483647;
			files = (
				6D98044C1BC8C23E0081EF30 /* LaunchScreen.storyboard in Resources */,
				6D9804491BC8C23E0081EF30 /* Assets.xcassets in Resources */,
				6D9804471BC8C23E0081EF30 /* Main.storyboard in Resources */,
			);
			runOnlyForDeploymentPostprocessing = 0;
		};
		6D9804501BC8C23E0081EF30 /* Resources */ = {
			isa = PBXResourcesBuildPhase;
			buildActionMask = 2147483647;
			files = (
			);
			runOnlyForDeploymentPostprocessing = 0;
		};
		6D98045B1BC8C23E0081EF30 /* Resources */ = {
			isa = PBXResourcesBuildPhase;
			buildActionMask = 2147483647;
			files = (
			);
			runOnlyForDeploymentPostprocessing = 0;
		};
/* End PBXResourcesBuildPhase section */

/* Begin PBXSourcesBuildPhase section */
		6D98043A1BC8C23E0081EF30 /* Sources */ = {
			isa = PBXSourcesBuildPhase;
			buildActionMask = 2147483647;
			files = (
				6D9804441BC8C23E0081EF30 /* ViewController.swift in Sources */,
				6D9804421BC8C23E0081EF30 /* AppDelegate.swift in Sources */,
			);
			runOnlyForDeploymentPostprocessing = 0;
		};
		6D98044E1BC8C23E0081EF30 /* Sources */ = {
			isa = PBXSourcesBuildPhase;
			buildActionMask = 2147483647;
			files = (
				6D9804571BC8C23E0081EF30 /* LayerTreeTests.swift in Sources */,
			);
			runOnlyForDeploymentPostprocessing = 0;
		};
		6D9804591BC8C23E0081EF30 /* Sources */ = {
			isa = PBXSourcesBuildPhase;
			buildActionMask = 2147483647;
			files = (
				6D9804621BC8C23E0081EF30 /* LayerTreeUITests.swift in Sources */,
			);
			runOnlyForDeploymentPostprocessing = 0;
		};
/* End PBXSourcesBuildPhase section */

/* Begin PBXTargetDependency section */
		6D9804541BC8C23E0081EF30 /* PBXTargetDependency */ = {
			isa = PBXTargetDependency;
			target = 6D98043D1BC8C23E0081EF30 /* LayerTree */;
			targetProxy = 6D9804531BC8C23E0081EF30 /* PBXContainerItemProxy */;
		};
		6D98045F1BC8C23E0081EF30 /* PBXTargetDependency */ = {
			isa = PBXTargetDependency;
			target = 6D98043D1BC8C23E0081EF30 /* LayerTree */;
			targetProxy = 6D98045E1BC8C23E0081EF30 /* PBXContainerItemProxy */;
		};
/* End PBXTargetDependency section */

/* Begin PBXVariantGroup section */
		6D9804451BC8C23E0081EF30 /* Main.storyboard */ = {
			isa = PBXVariantGroup;
			children = (
				6D9804461BC8C23E0081EF30 /* Base */,
			);
			name = Main.storyboard;
			sourceTree = "<group>";
		};
		6D98044A1BC8C23E0081EF30 /* LaunchScreen.storyboard */ = {
			isa = PBXVariantGroup;
			children = (
				6D98044B1BC8C23E0081EF30 /* Base */,
			);
			name = LaunchScreen.storyboard;
			sourceTree = "<group>";
		};
/* End PBXVariantGroup section */

/* Begin XCBuildConfiguration section */
		6D9804641BC8C23E0081EF30 /* Debug */ = {
			isa = XCBuildConfiguration;
			buildSettings = {
				ALWAYS_SEARCH_USER_PATHS = NO;
				CLANG_CXX_LANGUAGE_STANDARD = "gnu++0x";
				CLANG_CXX_LIBRARY = "libc++";
				CLANG_ENABLE_MODULES = YES;
				CLANG_ENABLE_OBJC_ARC = YES;
				CLANG_WARN_BOOL_CONVERSION = YES;
				CLANG_WARN_CONSTANT_CONVERSION = YES;
				CLANG_WARN_DIRECT_OBJC_ISA_USAGE = YES_ERROR;
				CLANG_WARN_EMPTY_BODY = YES;
				CLANG_WARN_ENUM_CONVERSION = YES;
				CLANG_WARN_INT_CONVERSION = YES;
				CLANG_WARN_OBJC_ROOT_CLASS = YES_ERROR;
				CLANG_WARN_UNREACHABLE_CODE = YES;
				CLANG_WARN__DUPLICATE_METHOD_MATCH = YES;
				"CODE_SIGN_IDENTITY[sdk=iphoneos*]" = "iPhone Developer";
				COPY_PHASE_STRIP = NO;
				DEBUG_INFORMATION_FORMAT = dwarf;
				ENABLE_STRICT_OBJC_MSGSEND = YES;
				ENABLE_TESTABILITY = YES;
				GCC_C_LANGUAGE_STANDARD = gnu99;
				GCC_DYNAMIC_NO_PIC = NO;
				GCC_NO_COMMON_BLOCKS = YES;
				GCC_OPTIMIZATION_LEVEL = 0;
				GCC_PREPROCESSOR_DEFINITIONS = (
					"DEBUG=1",
					"$(inherited)",
				);
				GCC_WARN_64_TO_32_BIT_CONVERSION = YES;
				GCC_WARN_ABOUT_RETURN_TYPE = YES_ERROR;
				GCC_WARN_UNDECLARED_SELECTOR = YES;
				GCC_WARN_UNINITIALIZED_AUTOS = YES_AGGRESSIVE;
				GCC_WARN_UNUSED_FUNCTION = YES;
				GCC_WARN_UNUSED_VARIABLE = YES;
				IPHONEOS_DEPLOYMENT_TARGET = 9.0;
				MTL_ENABLE_DEBUG_INFO = YES;
				ONLY_ACTIVE_ARCH = YES;
				SDKROOT = iphoneos;
				SWIFT_OPTIMIZATION_LEVEL = "-Onone";
			};
			name = Debug;
		};
		6D9804651BC8C23E0081EF30 /* Release */ = {
			isa = XCBuildConfiguration;
			buildSettings = {
				ALWAYS_SEARCH_USER_PATHS = NO;
				CLANG_CXX_LANGUAGE_STANDARD = "gnu++0x";
				CLANG_CXX_LIBRARY = "libc++";
				CLANG_ENABLE_MODULES = YES;
				CLANG_ENABLE_OBJC_ARC = YES;
				CLANG_WARN_BOOL_CONVERSION = YES;
				CLANG_WARN_CONSTANT_CONVERSION = YES;
				CLANG_WARN_DIRECT_OBJC_ISA_USAGE = YES_ERROR;
				CLANG_WARN_EMPTY_BODY = YES;
				CLANG_WARN_ENUM_CONVERSION = YES;
				CLANG_WARN_INT_CONVERSION = YES;
				CLANG_WARN_OBJC_ROOT_CLASS = YES_ERROR;
				CLANG_WARN_UNREACHABLE_CODE = YES;
				CLANG_WARN__DUPLICATE_METHOD_MATCH = YES;
				"CODE_SIGN_IDENTITY[sdk=iphoneos*]" = "iPhone Developer";
				COPY_PHASE_STRIP = NO;
				DEBUG_INFORMATION_FORMAT = "dwarf-with-dsym";
				ENABLE_NS_ASSERTIONS = NO;
				ENABLE_STRICT_OBJC_MSGSEND = YES;
				GCC_C_LANGUAGE_STANDARD = gnu99;
				GCC_NO_COMMON_BLOCKS = YES;
				GCC_WARN_64_TO_32_BIT_CONVERSION = YES;
				GCC_WARN_ABOUT_RETURN_TYPE = YES_ERROR;
				GCC_WARN_UNDECLARED_SELECTOR = YES;
				GCC_WARN_UNINITIALIZED_AUTOS = YES_AGGRESSIVE;
				GCC_WARN_UNUSED_FUNCTION = YES;
				GCC_WARN_UNUSED_VARIABLE = YES;
				IPHONEOS_DEPLOYMENT_TARGET = 9.0;
				MTL_ENABLE_DEBUG_INFO = NO;
				SDKROOT = iphoneos;
				VALIDATE_PRODUCT = YES;
			};
			name = Release;
		};
		6D9804671BC8C23E0081EF30 /* Debug */ = {
			isa = XCBuildConfiguration;
			buildSettings = {
				ASSETCATALOG_COMPILER_APPICON_NAME = AppIcon;
				INFOPLIST_FILE = LayerTree/Info.plist;
				LD_RUNPATH_SEARCH_PATHS = "$(inherited) @executable_path/Frameworks";
				PRODUCT_BUNDLE_IDENTIFIER = com.ricebook.LayerTree;
				PRODUCT_NAME = "$(TARGET_NAME)";
			};
			name = Debug;
		};
		6D9804681BC8C23E0081EF30 /* Release */ = {
			isa = XCBuildConfiguration;
			buildSettings = {
				ASSETCATALOG_COMPILER_APPICON_NAME = AppIcon;
				INFOPLIST_FILE = LayerTree/Info.plist;
				LD_RUNPATH_SEARCH_PATHS = "$(inherited) @executable_path/Frameworks";
				PRODUCT_BUNDLE_IDENTIFIER = com.ricebook.LayerTree;
				PRODUCT_NAME = "$(TARGET_NAME)";
			};
			name = Release;
		};
		6D98046A1BC8C23E0081EF30 /* Debug */ = {
			isa = XCBuildConfiguration;
			buildSettings = {
				BUNDLE_LOADER = "$(TEST_HOST)";
				INFOPLIST_FILE = LayerTreeTests/Info.plist;
				LD_RUNPATH_SEARCH_PATHS = "$(inherited) @executable_path/Frameworks @loader_path/Frameworks";
				PRODUCT_BUNDLE_IDENTIFIER = com.ricebook.LayerTreeTests;
				PRODUCT_NAME = "$(TARGET_NAME)";
				TEST_HOST = "$(BUILT_PRODUCTS_DIR)/LayerTree.app/LayerTree";
			};
			name = Debug;
		};
		6D98046B1BC8C23E0081EF30 /* Release */ = {
			isa = XCBuildConfiguration;
			buildSettings = {
				BUNDLE_LOADER = "$(TEST_HOST)";
				INFOPLIST_FILE = LayerTreeTests/Info.plist;
				LD_RUNPATH_SEARCH_PATHS = "$(inherited) @executable_path/Frameworks @loader_path/Frameworks";
				PRODUCT_BUNDLE_IDENTIFIER = com.ricebook.LayerTreeTests;
				PRODUCT_NAME = "$(TARGET_NAME)";
				TEST_HOST = "$(BUILT_PRODUCTS_DIR)/LayerTree.app/LayerTree";
			};
			name = Release;
		};
		6D98046D1BC8C23E0081EF30 /* Debug */ = {
			isa = XCBuildConfiguration;
			buildSettings = {
				INFOPLIST_FILE = LayerTreeUITests/Info.plist;
				LD_RUNPATH_SEARCH_PATHS = "$(inherited) @executable_path/Frameworks @loader_path/Frameworks";
				PRODUCT_BUNDLE_IDENTIFIER = com.ricebook.LayerTreeUITests;
				PRODUCT_NAME = "$(TARGET_NAME)";
				TEST_TARGET_NAME = LayerTree;
				USES_XCTRUNNER = YES;
			};
			name = Debug;
		};
		6D98046E1BC8C23E0081EF30 /* Release */ = {
			isa = XCBuildConfiguration;
			buildSettings = {
				INFOPLIST_FILE = LayerTreeUITests/Info.plist;
				LD_RUNPATH_SEARCH_PATHS = "$(inherited) @executable_path/Frameworks @loader_path/Frameworks";
				PRODUCT_BUNDLE_IDENTIFIER = com.ricebook.LayerTreeUITests;
				PRODUCT_NAME = "$(TARGET_NAME)";
				TEST_TARGET_NAME = LayerTree;
				USES_XCTRUNNER = YES;
			};
			name = Release;
		};
/* End XCBuildConfiguration section */

/* Begin XCConfigurationList section */
		6D9804391BC8C23E0081EF30 /* Build configuration list for PBXProject "LayerTree" */ = {
			isa = XCConfigurationList;
			buildConfigurations = (
				6D9804641BC8C23E0081EF30 /* Debug */,
				6D9804651BC8C23E0081EF30 /* Release */,
			);
			defaultConfigurationIsVisible = 0;
			defaultConfigurationName = Release;
		};
		6D9804661BC8C23E0081EF30 /* Build configuration list for PBXNativeTarget "LayerTree" */ = {
			isa = XCConfigurationList;
			buildConfigurations = (
				6D9804671BC8C23E0081EF30 /* Debug */,
				6D9804681BC8C23E0081EF30 /* Release */,
			);
			defaultConfigurationIsVisible = 0;
		};
		6D9804691BC8C23E0081EF30 /* Build configuration list for PBXNativeTarget "LayerTreeTests" */ = {
			isa = XCConfigurationList;
			buildConfigurations = (
				6D98046A1BC8C23E0081EF30 /* Debug */,
				6D98046B1BC8C23E0081EF30 /* Release */,
			);
			defaultConfigurationIsVisible = 0;
		};
		6D98046C1BC8C23E0081EF30 /* Build configuration list for PBXNativeTarget "LayerTreeUITests" */ = {
			isa = XCConfigurationList;
			buildConfigurations = (
				6D98046D1BC8C23E0081EF30 /* Debug */,
				6D98046E1BC8C23E0081EF30 /* Release */,
			);
			defaultConfigurationIsVisible = 0;
		};
/* End XCConfigurationList section */
	};
	rootObject = 6D9804361BC8C23E0081EF30 /* Project object */;
}
